// !$*UTF8*$!
{
	archiveVersion = 1;
	classes = {
	};
	objectVersion = 56;
	objects = {

/* Begin PBXBuildFile section */
		52D300602A629DA0002D8279 /* ScreenState.swift in Sources */ = {isa = PBXBuildFile; fileRef = 52D3005F2A629DA0002D8279 /* ScreenState.swift */; };
		52D300622A629F20002D8279 /* HomeImagesListUseCase.swift in Sources */ = {isa = PBXBuildFile; fileRef = 52D300612A629F20002D8279 /* HomeImagesListUseCase.swift */; };
		52D300642A629FEB002D8279 /* FlickrPictureUIModel.swift in Sources */ = {isa = PBXBuildFile; fileRef = 52D300632A629FEB002D8279 /* FlickrPictureUIModel.swift */; };
		52D300662A62A563002D8279 /* HomeViewModel.swift in Sources */ = {isa = PBXBuildFile; fileRef = 52D300652A62A563002D8279 /* HomeViewModel.swift */; };
		52D300692A62A7FF002D8279 /* NVActivityIndicatorView in Frameworks */ = {isa = PBXBuildFile; productRef = 52D300682A62A7FF002D8279 /* NVActivityIndicatorView */; };
		52D3006D2A62A91C002D8279 /* ImageTableViewCell.swift in Sources */ = {isa = PBXBuildFile; fileRef = 52D3006B2A62A91C002D8279 /* ImageTableViewCell.swift */; };
		52D3006E2A62A91C002D8279 /* ImageTableViewCell.xib in Resources */ = {isa = PBXBuildFile; fileRef = 52D3006C2A62A91C002D8279 /* ImageTableViewCell.xib */; };
		52D300712A62A95C002D8279 /* SDWebImage in Frameworks */ = {isa = PBXBuildFile; productRef = 52D300702A62A95C002D8279 /* SDWebImage */; };
		52D300732A62A98E002D8279 /* UIImageView+.swift in Sources */ = {isa = PBXBuildFile; fileRef = 52D300722A62A98D002D8279 /* UIImageView+.swift */; };
		52D300752A62BC42002D8279 /* AppURLRequest.swift in Sources */ = {isa = PBXBuildFile; fileRef = 52D300742A62BC42002D8279 /* AppURLRequest.swift */; };
		52D300782A62BD16002D8279 /* Alamofire in Frameworks */ = {isa = PBXBuildFile; productRef = 52D300772A62BD16002D8279 /* Alamofire */; };
		52D3007A2A62BD32002D8279 /* RequestEncodingType.swift in Sources */ = {isa = PBXBuildFile; fileRef = 52D300792A62BD32002D8279 /* RequestEncodingType.swift */; };
		52DF017E2A6167EF007C04BD /* AppDelegate.swift in Sources */ = {isa = PBXBuildFile; fileRef = 52DF017D2A6167EF007C04BD /* AppDelegate.swift */; };
		52DF01872A6167F0007C04BD /* Assets.xcassets in Resources */ = {isa = PBXBuildFile; fileRef = 52DF01862A6167F0007C04BD /* Assets.xcassets */; };
		52DF018A2A6167F0007C04BD /* LaunchScreen.storyboard in Resources */ = {isa = PBXBuildFile; fileRef = 52DF01882A6167F0007C04BD /* LaunchScreen.storyboard */; };
		52DF01972A616994007C04BD /* AppCoordinator.swift in Sources */ = {isa = PBXBuildFile; fileRef = 52DF01962A616994007C04BD /* AppCoordinator.swift */; };
		52DF019F2A616C56007C04BD /* HomeRepository.swift in Sources */ = {isa = PBXBuildFile; fileRef = 52DF019E2A616C56007C04BD /* HomeRepository.swift */; };
		52DF01A12A616CD4007C04BD /* NetworkRequest.swift in Sources */ = {isa = PBXBuildFile; fileRef = 52DF01A02A616CD4007C04BD /* NetworkRequest.swift */; };
		52DF01A92A616D2A007C04BD /* JsonEncadable.swift in Sources */ = {isa = PBXBuildFile; fileRef = 52DF01A82A616D2A007C04BD /* JsonEncadable.swift */; };
		52DF01AD2A616D4D007C04BD /* AppError.swift in Sources */ = {isa = PBXBuildFile; fileRef = 52DF01AC2A616D4D007C04BD /* AppError.swift */; };
		52DF01AF2A616D8A007C04BD /* MakeRequest.swift in Sources */ = {isa = PBXBuildFile; fileRef = 52DF01AE2A616D8A007C04BD /* MakeRequest.swift */; };
		52DF01B12A616DAE007C04BD /* RequestUrl.swift in Sources */ = {isa = PBXBuildFile; fileRef = 52DF01B02A616DAE007C04BD /* RequestUrl.swift */; };
		52DF01B52A616DF7007C04BD /* RequestMethod.swift in Sources */ = {isa = PBXBuildFile; fileRef = 52DF01B42A616DF7007C04BD /* RequestMethod.swift */; };
		52DF01B72A616E95007C04BD /* NetworkState.swift in Sources */ = {isa = PBXBuildFile; fileRef = 52DF01B62A616E95007C04BD /* NetworkState.swift */; };
		52DF01BD2A617066007C04BD /* Constants.swift in Sources */ = {isa = PBXBuildFile; fileRef = 52DF01BC2A617066007C04BD /* Constants.swift */; };
		52DF01BF2A617238007C04BD /* PhotosListResponse.swift in Sources */ = {isa = PBXBuildFile; fileRef = 52DF01BE2A617238007C04BD /* PhotosListResponse.swift */; };
		52DF01C32A61D0C0007C04BD /* HomeRepositoryImp.swift in Sources */ = {isa = PBXBuildFile; fileRef = 52DF01C22A61D0C0007C04BD /* HomeRepositoryImp.swift */; };
		52DF01C62A61D162007C04BD /* MoviesDataSource.swift in Sources */ = {isa = PBXBuildFile; fileRef = 52DF01C52A61D162007C04BD /* MoviesDataSource.swift */; };
		52DF01CA2A61D294007C04BD /* HomeViewController.swift in Sources */ = {isa = PBXBuildFile; fileRef = 52DF01C82A61D294007C04BD /* HomeViewController.swift */; };
		52DF01CB2A61D294007C04BD /* HomeViewController.xib in Resources */ = {isa = PBXBuildFile; fileRef = 52DF01C92A61D294007C04BD /* HomeViewController.xib */; };
		52DF01CD2A61D621007C04BD /* ImageListBody.swift in Sources */ = {isa = PBXBuildFile; fileRef = 52DF01CC2A61D621007C04BD /* ImageListBody.swift */; };
		52DF01D02A61D696007C04BD /* Publisher+.swift in Sources */ = {isa = PBXBuildFile; fileRef = 52DF01CF2A61D696007C04BD /* Publisher+.swift */; };
		52DF01D42A61D7BB007C04BD /* HomeResponseStorage.swift in Sources */ = {isa = PBXBuildFile; fileRef = 52DF01D32A61D7BB007C04BD /* HomeResponseStorage.swift */; };
/* End PBXBuildFile section */

/* Begin PBXFileReference section */
		52D3005F2A629DA0002D8279 /* ScreenState.swift */ = {isa = PBXFileReference; lastKnownFileType = sourcecode.swift; path = ScreenState.swift; sourceTree = "<group>"; };
		52D300612A629F20002D8279 /* HomeImagesListUseCase.swift */ = {isa = PBXFileReference; lastKnownFileType = sourcecode.swift; path = HomeImagesListUseCase.swift; sourceTree = "<group>"; };
		52D300632A629FEB002D8279 /* FlickrPictureUIModel.swift */ = {isa = PBXFileReference; lastKnownFileType = sourcecode.swift; path = FlickrPictureUIModel.swift; sourceTree = "<group>"; };
		52D300652A62A563002D8279 /* HomeViewModel.swift */ = {isa = PBXFileReference; lastKnownFileType = sourcecode.swift; path = HomeViewModel.swift; sourceTree = "<group>"; };
		52D3006B2A62A91C002D8279 /* ImageTableViewCell.swift */ = {isa = PBXFileReference; lastKnownFileType = sourcecode.swift; path = ImageTableViewCell.swift; sourceTree = "<group>"; };
		52D3006C2A62A91C002D8279 /* ImageTableViewCell.xib */ = {isa = PBXFileReference; lastKnownFileType = file.xib; path = ImageTableViewCell.xib; sourceTree = "<group>"; };
		52D300722A62A98D002D8279 /* UIImageView+.swift */ = {isa = PBXFileReference; lastKnownFileType = sourcecode.swift; path = "UIImageView+.swift"; sourceTree = "<group>"; };
		52D300742A62BC42002D8279 /* AppURLRequest.swift */ = {isa = PBXFileReference; fileEncoding = 4; lastKnownFileType = sourcecode.swift; path = AppURLRequest.swift; sourceTree = "<group>"; };
		52D300792A62BD32002D8279 /* RequestEncodingType.swift */ = {isa = PBXFileReference; fileEncoding = 4; lastKnownFileType = sourcecode.swift; path = RequestEncodingType.swift; sourceTree = "<group>"; };
		52DF017A2A6167EF007C04BD /* Koinz Task.app */ = {isa = PBXFileReference; explicitFileType = wrapper.application; includeInIndex = 0; path = "Koinz Task.app"; sourceTree = BUILT_PRODUCTS_DIR; };
		52DF017D2A6167EF007C04BD /* AppDelegate.swift */ = {isa = PBXFileReference; lastKnownFileType = sourcecode.swift; path = AppDelegate.swift; sourceTree = "<group>"; };
		52DF01862A6167F0007C04BD /* Assets.xcassets */ = {isa = PBXFileReference; lastKnownFileType = folder.assetcatalog; path = Assets.xcassets; sourceTree = "<group>"; };
		52DF01892A6167F0007C04BD /* Base */ = {isa = PBXFileReference; lastKnownFileType = file.storyboard; name = Base; path = Base.lproj/LaunchScreen.storyboard; sourceTree = "<group>"; };
		52DF018B2A6167F0007C04BD /* Info.plist */ = {isa = PBXFileReference; lastKnownFileType = text.plist.xml; path = Info.plist; sourceTree = "<group>"; };
		52DF01962A616994007C04BD /* AppCoordinator.swift */ = {isa = PBXFileReference; lastKnownFileType = sourcecode.swift; path = AppCoordinator.swift; sourceTree = "<group>"; };
		52DF019E2A616C56007C04BD /* HomeRepository.swift */ = {isa = PBXFileReference; lastKnownFileType = sourcecode.swift; path = HomeRepository.swift; sourceTree = "<group>"; };
		52DF01A02A616CD4007C04BD /* NetworkRequest.swift */ = {isa = PBXFileReference; lastKnownFileType = sourcecode.swift; path = NetworkRequest.swift; sourceTree = "<group>"; };
		52DF01A82A616D2A007C04BD /* JsonEncadable.swift */ = {isa = PBXFileReference; lastKnownFileType = sourcecode.swift; path = JsonEncadable.swift; sourceTree = "<group>"; };
		52DF01AC2A616D4D007C04BD /* AppError.swift */ = {isa = PBXFileReference; lastKnownFileType = sourcecode.swift; path = AppError.swift; sourceTree = "<group>"; };
		52DF01AE2A616D8A007C04BD /* MakeRequest.swift */ = {isa = PBXFileReference; lastKnownFileType = sourcecode.swift; path = MakeRequest.swift; sourceTree = "<group>"; };
		52DF01B02A616DAE007C04BD /* RequestUrl.swift */ = {isa = PBXFileReference; lastKnownFileType = sourcecode.swift; path = RequestUrl.swift; sourceTree = "<group>"; };
		52DF01B42A616DF7007C04BD /* RequestMethod.swift */ = {isa = PBXFileReference; lastKnownFileType = sourcecode.swift; path = RequestMethod.swift; sourceTree = "<group>"; };
		52DF01B62A616E95007C04BD /* NetworkState.swift */ = {isa = PBXFileReference; lastKnownFileType = sourcecode.swift; path = NetworkState.swift; sourceTree = "<group>"; };
		52DF01BC2A617066007C04BD /* Constants.swift */ = {isa = PBXFileReference; lastKnownFileType = sourcecode.swift; path = Constants.swift; sourceTree = "<group>"; };
		52DF01BE2A617238007C04BD /* PhotosListResponse.swift */ = {isa = PBXFileReference; lastKnownFileType = sourcecode.swift; path = PhotosListResponse.swift; sourceTree = "<group>"; };
		52DF01C22A61D0C0007C04BD /* HomeRepositoryImp.swift */ = {isa = PBXFileReference; lastKnownFileType = sourcecode.swift; path = HomeRepositoryImp.swift; sourceTree = "<group>"; };
		52DF01C52A61D162007C04BD /* MoviesDataSource.swift */ = {isa = PBXFileReference; lastKnownFileType = sourcecode.swift; path = MoviesDataSource.swift; sourceTree = "<group>"; };
		52DF01C82A61D294007C04BD /* HomeViewController.swift */ = {isa = PBXFileReference; lastKnownFileType = sourcecode.swift; path = HomeViewController.swift; sourceTree = "<group>"; };
		52DF01C92A61D294007C04BD /* HomeViewController.xib */ = {isa = PBXFileReference; lastKnownFileType = file.xib; path = HomeViewController.xib; sourceTree = "<group>"; };
		52DF01CC2A61D621007C04BD /* ImageListBody.swift */ = {isa = PBXFileReference; lastKnownFileType = sourcecode.swift; path = ImageListBody.swift; sourceTree = "<group>"; };
		52DF01CF2A61D696007C04BD /* Publisher+.swift */ = {isa = PBXFileReference; lastKnownFileType = sourcecode.swift; path = "Publisher+.swift"; sourceTree = "<group>"; };
		52DF01D32A61D7BB007C04BD /* HomeResponseStorage.swift */ = {isa = PBXFileReference; lastKnownFileType = sourcecode.swift; path = HomeResponseStorage.swift; sourceTree = "<group>"; };
/* End PBXFileReference section */

/* Begin PBXFrameworksBuildPhase section */
		52DF01772A6167EF007C04BD /* Frameworks */ = {
			isa = PBXFrameworksBuildPhase;
			buildActionMask = 2147483647;
			files = (
				52D300782A62BD16002D8279 /* Alamofire in Frameworks */,
				52D300712A62A95C002D8279 /* SDWebImage in Frameworks */,
				52D300692A62A7FF002D8279 /* NVActivityIndicatorView in Frameworks */,
			);
			runOnlyForDeploymentPostprocessing = 0;
		};
/* End PBXFrameworksBuildPhase section */

/* Begin PBXGroup section */
		52D3005E2A629D8C002D8279 /* Utils */ = {
			isa = PBXGroup;
			children = (
				52D3005F2A629DA0002D8279 /* ScreenState.swift */,
			);
			path = Utils;
			sourceTree = "<group>";
		};
		52D3006A2A62A908002D8279 /* ImageCell */ = {
			isa = PBXGroup;
			children = (
				52D3006B2A62A91C002D8279 /* ImageTableViewCell.swift */,
				52D3006C2A62A91C002D8279 /* ImageTableViewCell.xib */,
			);
			path = ImageCell;
			sourceTree = "<group>";
		};
		52DF01712A6167EF007C04BD = {
			isa = PBXGroup;
			children = (
				52DF017C2A6167EF007C04BD /* Koinz Task */,
				52DF017B2A6167EF007C04BD /* Products */,
			);
			sourceTree = "<group>";
		};
		52DF017B2A6167EF007C04BD /* Products */ = {
			isa = PBXGroup;
			children = (
				52DF017A2A6167EF007C04BD /* Koinz Task.app */,
			);
			name = Products;
			sourceTree = "<group>";
		};
		52DF017C2A6167EF007C04BD /* Koinz Task */ = {
			isa = PBXGroup;
			children = (
				52DF01CE2A61D68C007C04BD /* Extensions */,
				52DF01C02A61D0AA007C04BD /* Data */,
				52DF019A2A616C04007C04BD /* Infrastructure */,
				52DF01982A616B59007C04BD /* Domain */,
				52DF01952A6168D6007C04BD /* Config */,
				52DF01942A6168C5007C04BD /* Application */,
				52DF01922A6168B0007C04BD /* Presention */,
				52DF01912A616894007C04BD /* Resources */,
			);
			path = "Koinz Task";
			sourceTree = "<group>";
		};
		52DF01912A616894007C04BD /* Resources */ = {
			isa = PBXGroup;
			children = (
				52DF01862A6167F0007C04BD /* Assets.xcassets */,
				52DF01882A6167F0007C04BD /* LaunchScreen.storyboard */,
			);
			path = Resources;
			sourceTree = "<group>";
		};
		52DF01922A6168B0007C04BD /* Presention */ = {
			isa = PBXGroup;
			children = (
				52D3005E2A629D8C002D8279 /* Utils */,
				52DF01932A6168B7007C04BD /* Home */,
			);
			path = Presention;
			sourceTree = "<group>";
		};
		52DF01932A6168B7007C04BD /* Home */ = {
			isa = PBXGroup;
			children = (
				52D3006A2A62A908002D8279 /* ImageCell */,
				52DF01C82A61D294007C04BD /* HomeViewController.swift */,
				52D300652A62A563002D8279 /* HomeViewModel.swift */,
				52DF01C92A61D294007C04BD /* HomeViewController.xib */,
				52D300632A629FEB002D8279 /* FlickrPictureUIModel.swift */,
			);
			path = Home;
			sourceTree = "<group>";
		};
		52DF01942A6168C5007C04BD /* Application */ = {
			isa = PBXGroup;
			children = (
				52DF017D2A6167EF007C04BD /* AppDelegate.swift */,
				52DF01962A616994007C04BD /* AppCoordinator.swift */,
			);
			path = Application;
			sourceTree = "<group>";
		};
		52DF01952A6168D6007C04BD /* Config */ = {
			isa = PBXGroup;
			children = (
				52DF018B2A6167F0007C04BD /* Info.plist */,
				52DF01BC2A617066007C04BD /* Constants.swift */,
			);
			path = Config;
			sourceTree = "<group>";
		};
		52DF01982A616B59007C04BD /* Domain */ = {
			isa = PBXGroup;
			children = (
				52DF019D2A616C37007C04BD /* Repository */,
				52DF019C2A616C28007C04BD /* UseCases */,
				52DF01992A616B5D007C04BD /* Entities */,
			);
			path = Domain;
			sourceTree = "<group>";
		};
		52DF01992A616B5D007C04BD /* Entities */ = {
			isa = PBXGroup;
			children = (
				52DF01BE2A617238007C04BD /* PhotosListResponse.swift */,
				52DF01CC2A61D621007C04BD /* ImageListBody.swift */,
			);
			path = Entities;
			sourceTree = "<group>";
		};
		52DF019A2A616C04007C04BD /* Infrastructure */ = {
			isa = PBXGroup;
			children = (
				52DF019B2A616C0C007C04BD /* Network */,
			);
			path = Infrastructure;
			sourceTree = "<group>";
		};
		52DF019B2A616C0C007C04BD /* Network */ = {
			isa = PBXGroup;
			children = (
				52DF01A02A616CD4007C04BD /* NetworkRequest.swift */,
				52DF01A82A616D2A007C04BD /* JsonEncadable.swift */,
				52D300742A62BC42002D8279 /* AppURLRequest.swift */,
				52DF01AC2A616D4D007C04BD /* AppError.swift */,
				52D300792A62BD32002D8279 /* RequestEncodingType.swift */,
				52DF01AE2A616D8A007C04BD /* MakeRequest.swift */,
				52DF01B02A616DAE007C04BD /* RequestUrl.swift */,
				52DF01B42A616DF7007C04BD /* RequestMethod.swift */,
				52DF01B62A616E95007C04BD /* NetworkState.swift */,
			);
			path = Network;
			sourceTree = "<group>";
		};
		52DF019C2A616C28007C04BD /* UseCases */ = {
			isa = PBXGroup;
			children = (
				52D300612A629F20002D8279 /* HomeImagesListUseCase.swift */,
			);
			path = UseCases;
			sourceTree = "<group>";
		};
		52DF019D2A616C37007C04BD /* Repository */ = {
			isa = PBXGroup;
			children = (
				52DF019E2A616C56007C04BD /* HomeRepository.swift */,
			);
			path = Repository;
			sourceTree = "<group>";
		};
		52DF01C02A61D0AA007C04BD /* Data */ = {
			isa = PBXGroup;
			children = (
				52DF01D12A61D772007C04BD /* Storage */,
				52DF01C42A61D129007C04BD /* DataSource */,
				52DF01C12A61D0B4007C04BD /* Repositories */,
			);
			path = Data;
			sourceTree = "<group>";
		};
		52DF01C12A61D0B4007C04BD /* Repositories */ = {
			isa = PBXGroup;
			children = (
				52DF01C22A61D0C0007C04BD /* HomeRepositoryImp.swift */,
			);
			path = Repositories;
			sourceTree = "<group>";
		};
		52DF01C42A61D129007C04BD /* DataSource */ = {
			isa = PBXGroup;
			children = (
				52DF01C52A61D162007C04BD /* MoviesDataSource.swift */,
			);
			path = DataSource;
			sourceTree = "<group>";
		};
		52DF01CE2A61D68C007C04BD /* Extensions */ = {
			isa = PBXGroup;
			children = (
				52DF01CF2A61D696007C04BD /* Publisher+.swift */,
				52D300722A62A98D002D8279 /* UIImageView+.swift */,
			);
			path = Extensions;
			sourceTree = "<group>";
		};
		52DF01D12A61D772007C04BD /* Storage */ = {
			isa = PBXGroup;
			children = (
				52DF01D22A61D7A7007C04BD /* HomeResponseStorage */,
			);
			path = Storage;
			sourceTree = "<group>";
		};
		52DF01D22A61D7A7007C04BD /* HomeResponseStorage */ = {
			isa = PBXGroup;
			children = (
				52DF01D32A61D7BB007C04BD /* HomeResponseStorage.swift */,
			);
			path = HomeResponseStorage;
			sourceTree = "<group>";
		};
/* End PBXGroup section */

/* Begin PBXNativeTarget section */
		52DF01792A6167EF007C04BD /* Koinz Task */ = {
			isa = PBXNativeTarget;
			buildConfigurationList = 52DF018E2A6167F0007C04BD /* Build configuration list for PBXNativeTarget "Koinz Task" */;
			buildPhases = (
				52DF01762A6167EF007C04BD /* Sources */,
				52DF01772A6167EF007C04BD /* Frameworks */,
				52DF01782A6167EF007C04BD /* Resources */,
			);
			buildRules = (
			);
			dependencies = (
			);
			name = "Koinz Task";
			packageProductDependencies = (
				52D300682A62A7FF002D8279 /* NVActivityIndicatorView */,
				52D300702A62A95C002D8279 /* SDWebImage */,
				52D300772A62BD16002D8279 /* Alamofire */,
			);
			productName = "Koinz Task";
			productReference = 52DF017A2A6167EF007C04BD /* Koinz Task.app */;
			productType = "com.apple.product-type.application";
		};
/* End PBXNativeTarget section */

/* Begin PBXProject section */
		52DF01722A6167EF007C04BD /* Project object */ = {
			isa = PBXProject;
			attributes = {
				BuildIndependentTargetsInParallel = 1;
				LastSwiftUpdateCheck = 1430;
				LastUpgradeCheck = 1430;
				TargetAttributes = {
					52DF01792A6167EF007C04BD = {
						CreatedOnToolsVersion = 14.3;
					};
				};
			};
			buildConfigurationList = 52DF01752A6167EF007C04BD /* Build configuration list for PBXProject "Koinz Task" */;
			compatibilityVersion = "Xcode 14.0";
			developmentRegion = en;
			hasScannedForEncodings = 0;
			knownRegions = (
				en,
				Base,
			);
			mainGroup = 52DF01712A6167EF007C04BD;
			packageReferences = (
				52D300672A62A7FF002D8279 /* XCRemoteSwiftPackageReference "NVActivityIndicatorView" */,
				52D3006F2A62A95C002D8279 /* XCRemoteSwiftPackageReference "SDWebImage" */,
				52D300762A62BD16002D8279 /* XCRemoteSwiftPackageReference "Alamofire" */,
			);
			productRefGroup = 52DF017B2A6167EF007C04BD /* Products */;
			projectDirPath = "";
			projectRoot = "";
			targets = (
				52DF01792A6167EF007C04BD /* Koinz Task */,
			);
		};
/* End PBXProject section */

/* Begin PBXResourcesBuildPhase section */
		52DF01782A6167EF007C04BD /* Resources */ = {
			isa = PBXResourcesBuildPhase;
			buildActionMask = 2147483647;
			files = (
				52DF018A2A6167F0007C04BD /* LaunchScreen.storyboard in Resources */,
				52D3006E2A62A91C002D8279 /* ImageTableViewCell.xib in Resources */,
				52DF01872A6167F0007C04BD /* Assets.xcassets in Resources */,
				52DF01CB2A61D294007C04BD /* HomeViewController.xib in Resources */,
			);
			runOnlyForDeploymentPostprocessing = 0;
		};
/* End PBXResourcesBuildPhase section */

/* Begin PBXSourcesBuildPhase section */
		52DF01762A6167EF007C04BD /* Sources */ = {
			isa = PBXSourcesBuildPhase;
			buildActionMask = 2147483647;
			files = (
				52DF01D02A61D696007C04BD /* Publisher+.swift in Sources */,
				52DF01B72A616E95007C04BD /* NetworkState.swift in Sources */,
				52D3007A2A62BD32002D8279 /* RequestEncodingType.swift in Sources */,
				52DF01972A616994007C04BD /* AppCoordinator.swift in Sources */,
				52D300662A62A563002D8279 /* HomeViewModel.swift in Sources */,
				52DF01A92A616D2A007C04BD /* JsonEncadable.swift in Sources */,
				52DF01AF2A616D8A007C04BD /* MakeRequest.swift in Sources */,
				52DF01CA2A61D294007C04BD /* HomeViewController.swift in Sources */,
				52DF01BD2A617066007C04BD /* Constants.swift in Sources */,
				52D300732A62A98E002D8279 /* UIImageView+.swift in Sources */,
				52DF01B12A616DAE007C04BD /* RequestUrl.swift in Sources */,
				52DF01B52A616DF7007C04BD /* RequestMethod.swift in Sources */,
				52D300642A629FEB002D8279 /* FlickrPictureUIModel.swift in Sources */,
				52DF01C62A61D162007C04BD /* MoviesDataSource.swift in Sources */,
				52DF019F2A616C56007C04BD /* HomeRepository.swift in Sources */,
				52DF01A12A616CD4007C04BD /* NetworkRequest.swift in Sources */,
				52DF01BF2A617238007C04BD /* PhotosListResponse.swift in Sources */,
				52DF01AD2A616D4D007C04BD /* AppError.swift in Sources */,
				52D300752A62BC42002D8279 /* AppURLRequest.swift in Sources */,
				52DF01C32A61D0C0007C04BD /* HomeRepositoryImp.swift in Sources */,
				52DF01D42A61D7BB007C04BD /* HomeResponseStorage.swift in Sources */,
				52DF017E2A6167EF007C04BD /* AppDelegate.swift in Sources */,
				52D3006D2A62A91C002D8279 /* ImageTableViewCell.swift in Sources */,
				52D300602A629DA0002D8279 /* ScreenState.swift in Sources */,
				52D300622A629F20002D8279 /* HomeImagesListUseCase.swift in Sources */,
				52DF01CD2A61D621007C04BD /* ImageListBody.swift in Sources */,
			);
			runOnlyForDeploymentPostprocessing = 0;
		};
/* End PBXSourcesBuildPhase section */

/* Begin PBXVariantGroup section */
		52DF01882A6167F0007C04BD /* LaunchScreen.storyboard */ = {
			isa = PBXVariantGroup;
			children = (
				52DF01892A6167F0007C04BD /* Base */,
			);
			name = LaunchScreen.storyboard;
			sourceTree = "<group>";
		};
/* End PBXVariantGroup section */

/* Begin XCBuildConfiguration section */
		52DF018C2A6167F0007C04BD /* Debug */ = {
			isa = XCBuildConfiguration;
			buildSettings = {
				ALWAYS_SEARCH_USER_PATHS = NO;
				CLANG_ANALYZER_NONNULL = YES;
				CLANG_ANALYZER_NUMBER_OBJECT_CONVERSION = YES_AGGRESSIVE;
				CLANG_CXX_LANGUAGE_STANDARD = "gnu++20";
				CLANG_ENABLE_MODULES = YES;
				CLANG_ENABLE_OBJC_ARC = YES;
				CLANG_ENABLE_OBJC_WEAK = YES;
				CLANG_WARN_BLOCK_CAPTURE_AUTORELEASING = YES;
				CLANG_WARN_BOOL_CONVERSION = YES;
				CLANG_WARN_COMMA = YES;
				CLANG_WARN_CONSTANT_CONVERSION = YES;
				CLANG_WARN_DEPRECATED_OBJC_IMPLEMENTATIONS = YES;
				CLANG_WARN_DIRECT_OBJC_ISA_USAGE = YES_ERROR;
				CLANG_WARN_DOCUMENTATION_COMMENTS = YES;
				CLANG_WARN_EMPTY_BODY = YES;
				CLANG_WARN_ENUM_CONVERSION = YES;
				CLANG_WARN_INFINITE_RECURSION = YES;
				CLANG_WARN_INT_CONVERSION = YES;
				CLANG_WARN_NON_LITERAL_NULL_CONVERSION = YES;
				CLANG_WARN_OBJC_IMPLICIT_RETAIN_SELF = YES;
				CLANG_WARN_OBJC_LITERAL_CONVERSION = YES;
				CLANG_WARN_OBJC_ROOT_CLASS = YES_ERROR;
				CLANG_WARN_QUOTED_INCLUDE_IN_FRAMEWORK_HEADER = YES;
				CLANG_WARN_RANGE_LOOP_ANALYSIS = YES;
				CLANG_WARN_STRICT_PROTOTYPES = YES;
				CLANG_WARN_SUSPICIOUS_MOVE = YES;
				CLANG_WARN_UNGUARDED_AVAILABILITY = YES_AGGRESSIVE;
				CLANG_WARN_UNREACHABLE_CODE = YES;
				CLANG_WARN__DUPLICATE_METHOD_MATCH = YES;
				COPY_PHASE_STRIP = NO;
				DEBUG_INFORMATION_FORMAT = dwarf;
				ENABLE_STRICT_OBJC_MSGSEND = YES;
				ENABLE_TESTABILITY = YES;
				GCC_C_LANGUAGE_STANDARD = gnu11;
				GCC_DYNAMIC_NO_PIC = NO;
				GCC_NO_COMMON_BLOCKS = YES;
				GCC_OPTIMIZATION_LEVEL = 0;
				GCC_PREPROCESSOR_DEFINITIONS = (
					"DEBUG=1",
					"$(inherited)",
				);
				GCC_WARN_64_TO_32_BIT_CONVERSION = YES;
				GCC_WARN_ABOUT_RETURN_TYPE = YES_ERROR;
				GCC_WARN_UNDECLARED_SELECTOR = YES;
				GCC_WARN_UNINITIALIZED_AUTOS = YES_AGGRESSIVE;
				GCC_WARN_UNUSED_FUNCTION = YES;
				GCC_WARN_UNUSED_VARIABLE = YES;
				IPHONEOS_DEPLOYMENT_TARGET = 16.4;
				MTL_ENABLE_DEBUG_INFO = INCLUDE_SOURCE;
				MTL_FAST_MATH = YES;
				ONLY_ACTIVE_ARCH = YES;
				SDKROOT = iphoneos;
				SWIFT_ACTIVE_COMPILATION_CONDITIONS = DEBUG;
				SWIFT_OPTIMIZATION_LEVEL = "-Onone";
			};
			name = Debug;
		};
		52DF018D2A6167F0007C04BD /* Release */ = {
			isa = XCBuildConfiguration;
			buildSettings = {
				ALWAYS_SEARCH_USER_PATHS = NO;
				CLANG_ANALYZER_NONNULL = YES;
				CLANG_ANALYZER_NUMBER_OBJECT_CONVERSION = YES_AGGRESSIVE;
				CLANG_CXX_LANGUAGE_STANDARD = "gnu++20";
				CLANG_ENABLE_MODULES = YES;
				CLANG_ENABLE_OBJC_ARC = YES;
				CLANG_ENABLE_OBJC_WEAK = YES;
				CLANG_WARN_BLOCK_CAPTURE_AUTORELEASING = YES;
				CLANG_WARN_BOOL_CONVERSION = YES;
				CLANG_WARN_COMMA = YES;
				CLANG_WARN_CONSTANT_CONVERSION = YES;
				CLANG_WARN_DEPRECATED_OBJC_IMPLEMENTATIONS = YES;
				CLANG_WARN_DIRECT_OBJC_ISA_USAGE = YES_ERROR;
				CLANG_WARN_DOCUMENTATION_COMMENTS = YES;
				CLANG_WARN_EMPTY_BODY = YES;
				CLANG_WARN_ENUM_CONVERSION = YES;
				CLANG_WARN_INFINITE_RECURSION = YES;
				CLANG_WARN_INT_CONVERSION = YES;
				CLANG_WARN_NON_LITERAL_NULL_CONVERSION = YES;
				CLANG_WARN_OBJC_IMPLICIT_RETAIN_SELF = YES;
				CLANG_WARN_OBJC_LITERAL_CONVERSION = YES;
				CLANG_WARN_OBJC_ROOT_CLASS = YES_ERROR;
				CLANG_WARN_QUOTED_INCLUDE_IN_FRAMEWORK_HEADER = YES;
				CLANG_WARN_RANGE_LOOP_ANALYSIS = YES;
				CLANG_WARN_STRICT_PROTOTYPES = YES;
				CLANG_WARN_SUSPICIOUS_MOVE = YES;
				CLANG_WARN_UNGUARDED_AVAILABILITY = YES_AGGRESSIVE;
				CLANG_WARN_UNREACHABLE_CODE = YES;
				CLANG_WARN__DUPLICATE_METHOD_MATCH = YES;
				COPY_PHASE_STRIP = NO;
				DEBUG_INFORMATION_FORMAT = "dwarf-with-dsym";
				ENABLE_NS_ASSERTIONS = NO;
				ENABLE_STRICT_OBJC_MSGSEND = YES;
				GCC_C_LANGUAGE_STANDARD = gnu11;
				GCC_NO_COMMON_BLOCKS = YES;
				GCC_WARN_64_TO_32_BIT_CONVERSION = YES;
				GCC_WARN_ABOUT_RETURN_TYPE = YES_ERROR;
				GCC_WARN_UNDECLARED_SELECTOR = YES;
				GCC_WARN_UNINITIALIZED_AUTOS = YES_AGGRESSIVE;
				GCC_WARN_UNUSED_FUNCTION = YES;
				GCC_WARN_UNUSED_VARIABLE = YES;
				IPHONEOS_DEPLOYMENT_TARGET = 16.4;
				MTL_ENABLE_DEBUG_INFO = NO;
				MTL_FAST_MATH = YES;
				SDKROOT = iphoneos;
				SWIFT_COMPILATION_MODE = wholemodule;
				SWIFT_OPTIMIZATION_LEVEL = "-O";
				VALIDATE_PRODUCT = YES;
			};
			name = Release;
		};
		52DF018F2A6167F0007C04BD /* Debug */ = {
			isa = XCBuildConfiguration;
			buildSettings = {
				ASSETCATALOG_COMPILER_APPICON_NAME = AppIcon;
				ASSETCATALOG_COMPILER_GLOBAL_ACCENT_COLOR_NAME = AccentColor;
				CODE_SIGN_STYLE = Automatic;
				CURRENT_PROJECT_VERSION = 1;
				DEVELOPMENT_TEAM = 6Z5X4XX28B;
				GENERATE_INFOPLIST_FILE = YES;
				INFOPLIST_FILE = "Koinz Task/Config/Info.plist";
				INFOPLIST_KEY_UIApplicationSupportsIndirectInputEvents = YES;
				INFOPLIST_KEY_UILaunchStoryboardName = LaunchScreen;
				INFOPLIST_KEY_UIMainStoryboardFile = "";
				INFOPLIST_KEY_UISupportedInterfaceOrientations = UIInterfaceOrientationPortrait;
				INFOPLIST_KEY_UISupportedInterfaceOrientations_iPad = "UIInterfaceOrientationLandscapeLeft UIInterfaceOrientationLandscapeRight UIInterfaceOrientationPortrait UIInterfaceOrientationPortraitUpsideDown";
				LD_RUNPATH_SEARCH_PATHS = (
					"$(inherited)",
					"@executable_path/Frameworks",
				);
				MARKETING_VERSION = 1.0;
				PRODUCT_BUNDLE_IDENTIFIER = "com.Koinz-Task";
				PRODUCT_NAME = "$(TARGET_NAME)";
				SUPPORTED_PLATFORMS = "iphoneos iphonesimulator";
				SUPPORTS_MACCATALYST = NO;
				SUPPORTS_MAC_DESIGNED_FOR_IPHONE_IPAD = NO;
				SWIFT_EMIT_LOC_STRINGS = YES;
				SWIFT_VERSION = 5.0;
				TARGETED_DEVICE_FAMILY = 1;
			};
			name = Debug;
		};
		52DF01902A6167F0007C04BD /* Release */ = {
			isa = XCBuildConfiguration;
			buildSettings = {
				ASSETCATALOG_COMPILER_APPICON_NAME = AppIcon;
				ASSETCATALOG_COMPILER_GLOBAL_ACCENT_COLOR_NAME = AccentColor;
				CODE_SIGN_STYLE = Automatic;
				CURRENT_PROJECT_VERSION = 1;
				DEVELOPMENT_TEAM = 6Z5X4XX28B;
				GENERATE_INFOPLIST_FILE = YES;
				INFOPLIST_FILE = "Koinz Task/Config/Info.plist";
				INFOPLIST_KEY_UIApplicationSupportsIndirectInputEvents = YES;
				INFOPLIST_KEY_UILaunchStoryboardName = LaunchScreen;
				INFOPLIST_KEY_UIMainStoryboardFile = "";
				INFOPLIST_KEY_UISupportedInterfaceOrientations = UIInterfaceOrientationPortrait;
				INFOPLIST_KEY_UISupportedInterfaceOrientations_iPad = "UIInterfaceOrientationLandscapeLeft UIInterfaceOrientationLandscapeRight UIInterfaceOrientationPortrait UIInterfaceOrientationPortraitUpsideDown";
				LD_RUNPATH_SEARCH_PATHS = (
					"$(inherited)",
					"@executable_path/Frameworks",
				);
				MARKETING_VERSION = 1.0;
				PRODUCT_BUNDLE_IDENTIFIER = "com.Koinz-Task";
				PRODUCT_NAME = "$(TARGET_NAME)";
				SUPPORTED_PLATFORMS = "iphoneos iphonesimulator";
				SUPPORTS_MACCATALYST = NO;
				SUPPORTS_MAC_DESIGNED_FOR_IPHONE_IPAD = NO;
				SWIFT_EMIT_LOC_STRINGS = YES;
				SWIFT_VERSION = 5.0;
				TARGETED_DEVICE_FAMILY = 1;
			};
			name = Release;
		};
/* End XCBuildConfiguration section */

/* Begin XCConfigurationList section */
		52DF01752A6167EF007C04BD /* Build configuration list for PBXProject "Koinz Task" */ = {
			isa = XCConfigurationList;
			buildConfigurations = (
				52DF018C2A6167F0007C04BD /* Debug */,
				52DF018D2A6167F0007C04BD /* Release */,
			);
			defaultConfigurationIsVisible = 0;
			defaultConfigurationName = Release;
		};
		52DF018E2A6167F0007C04BD /* Build configuration list for PBXNativeTarget "Koinz Task" */ = {
			isa = XCConfigurationList;
			buildConfigurations = (
				52DF018F2A6167F0007C04BD /* Debug */,
				52DF01902A6167F0007C04BD /* Release */,
			);
			defaultConfigurationIsVisible = 0;
			defaultConfigurationName = Release;
		};
/* End XCConfigurationList section */

/* Begin XCRemoteSwiftPackageReference section */
		52D300672A62A7FF002D8279 /* XCRemoteSwiftPackageReference "NVActivityIndicatorView" */ = {
			isa = XCRemoteSwiftPackageReference;
			repositoryURL = "https://github.com/ninjaprox/NVActivityIndicatorView.git";
			requirement = {
				kind = upToNextMajorVersion;
				minimumVersion = 5.0.0;
			};
		};
		52D3006F2A62A95C002D8279 /* XCRemoteSwiftPackageReference "SDWebImage" */ = {
			isa = XCRemoteSwiftPackageReference;
			repositoryURL = "https://github.com/SDWebImage/SDWebImage.git";
			requirement = {
				kind = upToNextMajorVersion;
				minimumVersion = 5.0.0;
			};
		};
		52D300762A62BD16002D8279 /* XCRemoteSwiftPackageReference "Alamofire" */ = {
			isa = XCRemoteSwiftPackageReference;
			repositoryURL = "https://github.com/Alamofire/Alamofire.git";
			requirement = {
				kind = upToNextMajorVersion;
				minimumVersion = 5.0.0;
			};
		};
/* End XCRemoteSwiftPackageReference section */

/* Begin XCSwiftPackageProductDependency section */
		52D300682A62A7FF002D8279 /* NVActivityIndicatorView */ = {
			isa = XCSwiftPackageProductDependency;
			package = 52D300672A62A7FF002D8279 /* XCRemoteSwiftPackageReference "NVActivityIndicatorView" */;
			productName = NVActivityIndicatorView;
		};
		52D300702A62A95C002D8279 /* SDWebImage */ = {
			isa = XCSwiftPackageProductDependency;
			package = 52D3006F2A62A95C002D8279 /* XCRemoteSwiftPackageReference "SDWebImage" */;
			productName = SDWebImage;
		};
		52D300772A62BD16002D8279 /* Alamofire */ = {
			isa = XCSwiftPackageProductDependency;
			package = 52D300762A62BD16002D8279 /* XCRemoteSwiftPackageReference "Alamofire" */;
			productName = Alamofire;
		};
/* End XCSwiftPackageProductDependency section */
	};
	rootObject = 52DF01722A6167EF007C04BD /* Project object */;
}
